
Microsoft Visual Studio Solution File, Format Version 12.00
# Visual Studio 15
VisualStudioVersion = 15.0.27130.2036
MinimumVisualStudioVersion = 10.0.40219.1
Project("{FAE04EC0-301F-11D3-BF4B-00C04F79EFBC}") = "AspNetCore.WebApplication", "AspNetCore.WebApplication\AspNetCore.WebApplication.csproj", "{5B067FC3-4833-4103-BCCD-25DED14FE06A}"
EndProject
Project("{E53339B2-1760-4266-BCC7-CA923CBCF16C}") = "docker-compose", "docker-compose.dcproj", "{3729C83F-5A98-4043-87DA-E9AA3226A0C2}"
EndProject
Global
	GlobalSection(SolutionConfigurationPlatforms) = preSolution
		Debug|Any CPU = Debug|Any CPU
		Release|Any CPU = Release|Any CPU
	EndGlobalSection
	GlobalSection(ProjectConfigurationPlatforms) = postSolution
		{5B067FC3-4833-4103-BCCD-25DED14FE06A}.Debug|Any CPU.ActiveCfg = Debug|Any CPU
		{5B067FC3-4833-4103-BCCD-25DED14FE06A}.Debug|Any CPU.Build.0 = Debug|Any CPU
		{5B067FC3-4833-4103-BCCD-25DED14FE06A}.Release|Any CPU.ActiveCfg = Release|Any CPU
		{5B067FC3-4833-4103-BCCD-25DED14FE06A}.Release|Any CPU.Build.0 = Release|Any CPU
		{3729C83F-5A98-4043-87DA-E9AA3226A0C2}.Debug|Any CPU.ActiveCfg = Debug|Any CPU
		{3729C83F-5A98-4043-87DA-E9AA3226A0C2}.Debug|Any CPU.Build.0 = Debug|Any CPU
		{3729C83F-5A98-4043-87DA-E9AA3226A0C2}.Release|Any CPU.ActiveCfg = Release|Any CPU
		{3729C83F-5A98-4043-87DA-E9AA3226A0C2}.Release|Any CPU.Build.0 = Release|Any CPU
	EndGlobalSection
	GlobalSection(SolutionProperties) = preSolution
		HideSolutionNode = FALSE
	EndGlobalSection
	GlobalSection(ExtensibilityGlobals) = postSolution
		SolutionGuid = {E98E1596-92F4-4580-8FBA-0F879E7CFF0E}
	EndGlobalSection
EndGlobal
